// !$*UTF8*$!
{
	archiveVersion = 1;
	classes = {
	};
	objectVersion = 46;
	objects = {

/* Begin PBXBuildFile section */
		4CC0F2731CEE16B000683FB0 /* AppDelegate.swift in Sources */ = {isa = PBXBuildFile; fileRef = 4CC0F2721CEE16B000683FB0 /* AppDelegate.swift */; };
		4CC0F2781CEE16B000683FB0 /* Main.storyboard in Resources */ = {isa = PBXBuildFile; fileRef = 4CC0F2761CEE16B000683FB0 /* Main.storyboard */; };
		4CC0F27A1CEE16B000683FB0 /* Assets.xcassets in Resources */ = {isa = PBXBuildFile; fileRef = 4CC0F2791CEE16B000683FB0 /* Assets.xcassets */; };
		4CC0F27D1CEE16B000683FB0 /* LaunchScreen.storyboard in Resources */ = {isa = PBXBuildFile; fileRef = 4CC0F27B1CEE16B000683FB0 /* LaunchScreen.storyboard */; };
		4DD27F252ECC28BFB5609BC0 /* Pods_Tek_TalkTests.framework in Frameworks */ = {isa = PBXBuildFile; fileRef = FD9C537CF7EF83D1AD7FBDD9 /* Pods_Tek_TalkTests.framework */; };
		68CBF5A81CEEB466001A97FA /* BaseTabbarController.swift in Sources */ = {isa = PBXBuildFile; fileRef = 68CBF5A71CEEB466001A97FA /* BaseTabbarController.swift */; };
		68CBF5AB1CEEB847001A97FA /* BaseViewController.swift in Sources */ = {isa = PBXBuildFile; fileRef = 68CBF5AA1CEEB847001A97FA /* BaseViewController.swift */; };
		68CBF5BC1CEEBC75001A97FA /* ContactUsViewController.swift in Sources */ = {isa = PBXBuildFile; fileRef = 68CBF5B71CEEBC75001A97FA /* ContactUsViewController.swift */; };
		68CBF5BD1CEEBC75001A97FA /* EventViewController.swift in Sources */ = {isa = PBXBuildFile; fileRef = 68CBF5B91CEEBC75001A97FA /* EventViewController.swift */; };
		68CBF5BE1CEEBC75001A97FA /* TalkViewController.swift in Sources */ = {isa = PBXBuildFile; fileRef = 68CBF5BB1CEEBC75001A97FA /* TalkViewController.swift */; };
		68CBF5C11CEEBCA0001A97FA /* BaseNavigationController.swift in Sources */ = {isa = PBXBuildFile; fileRef = 68CBF5C01CEEBCA0001A97FA /* BaseNavigationController.swift */; };
		7083419CE4E44DD4350733FD /* Pods_Tek_Talk.framework in Frameworks */ = {isa = PBXBuildFile; fileRef = EC05C96DC0FB932BB237AF3B /* Pods_Tek_Talk.framework */; };
		BA77B40C1CEEF3E200BDD619 /* Tek_TalkTests.swift in Sources */ = {isa = PBXBuildFile; fileRef = BA77B40B1CEEF3E200BDD619 /* Tek_TalkTests.swift */; };
		BA77B4151CEEFDC800BDD619 /* ApplicationHelper.swift in Sources */ = {isa = PBXBuildFile; fileRef = BA77B4141CEEFDC800BDD619 /* ApplicationHelper.swift */; };
		BA77B4191CEEFFEF00BDD619 /* Constant.swift in Sources */ = {isa = PBXBuildFile; fileRef = BA77B4181CEEFFEF00BDD619 /* Constant.swift */; };
		BAC0567D1CF2A6F8000C34E6 /* EventViewModel.swift in Sources */ = {isa = PBXBuildFile; fileRef = BAC0567C1CF2A6F8000C34E6 /* EventViewModel.swift */; };
		BAC0567F1CF2A712000C34E6 /* APIManager.swift in Sources */ = {isa = PBXBuildFile; fileRef = BAC0567E1CF2A712000C34E6 /* APIManager.swift */; };
		BAC056831CF2A733000C34E6 /* BaseOperation.swift in Sources */ = {isa = PBXBuildFile; fileRef = BAC056821CF2A733000C34E6 /* BaseOperation.swift */; };
		BAC056861CF2A74E000C34E6 /* EventOperation.swift in Sources */ = {isa = PBXBuildFile; fileRef = BAC056851CF2A74E000C34E6 /* EventOperation.swift */; };
		BAC056891CF2AEAB000C34E6 /* UIOperation.swift in Sources */ = {isa = PBXBuildFile; fileRef = BAC056881CF2AEAB000C34E6 /* UIOperation.swift */; };
		BAC0568C1CF2C9BC000C34E6 /* BaseViewModel.swift in Sources */ = {isa = PBXBuildFile; fileRef = BAC0568B1CF2C9BC000C34E6 /* BaseViewModel.swift */; };
		BAC0568F1CF2CCB0000C34E6 /* RoutesManager.swift in Sources */ = {isa = PBXBuildFile; fileRef = BAC0568E1CF2CCB0000C34E6 /* RoutesManager.swift */; };
		BAC056931CF2D013000C34E6 /* TalkDetailViewController.swift in Sources */ = {isa = PBXBuildFile; fileRef = BAC056921CF2D013000C34E6 /* TalkDetailViewController.swift */; };
		BAC056951CF2D01F000C34E6 /* EventDetailViewController.swift in Sources */ = {isa = PBXBuildFile; fileRef = BAC056941CF2D01F000C34E6 /* EventDetailViewController.swift */; };
		BAC056981CF30841000C34E6 /* ImageOperation.swift in Sources */ = {isa = PBXBuildFile; fileRef = BAC056971CF30841000C34E6 /* ImageOperation.swift */; };
		BAC0569E1CF30CC5000C34E6 /* FeEventCell.swift in Sources */ = {isa = PBXBuildFile; fileRef = BAC0569C1CF30CC5000C34E6 /* FeEventCell.swift */; };
		BAC0569F1CF30CC5000C34E6 /* FeEventCell.xib in Resources */ = {isa = PBXBuildFile; fileRef = BAC0569D1CF30CC5000C34E6 /* FeEventCell.xib */; };
		BAC056A11CF30D78000C34E6 /* sceen_cell_event@2x.jpg in Resources */ = {isa = PBXBuildFile; fileRef = BAC056A01CF30D78000C34E6 /* sceen_cell_event@2x.jpg */; };
		BAC056A41CF30F6B000C34E6 /* FontHelper.swift in Sources */ = {isa = PBXBuildFile; fileRef = BAC056A31CF30F6B000C34E6 /* FontHelper.swift */; };
		BAC056AD1CF32B5D000C34E6 /* Lato-Bold.ttf in Resources */ = {isa = PBXBuildFile; fileRef = BAC056A61CF32B5D000C34E6 /* Lato-Bold.ttf */; };
		BAC056AE1CF32B5D000C34E6 /* Lato-Light.ttf in Resources */ = {isa = PBXBuildFile; fileRef = BAC056A71CF32B5D000C34E6 /* Lato-Light.ttf */; };
		BAC056AF1CF32B5D000C34E6 /* Lato-Medium.ttf in Resources */ = {isa = PBXBuildFile; fileRef = BAC056A81CF32B5D000C34E6 /* Lato-Medium.ttf */; };
		BAC056B01CF32B5D000C34E6 /* Lato-Regular.ttf in Resources */ = {isa = PBXBuildFile; fileRef = BAC056A91CF32B5D000C34E6 /* Lato-Regular.ttf */; };
		BAC056B11CF32B5D000C34E6 /* Lato-Semibold.ttf in Resources */ = {isa = PBXBuildFile; fileRef = BAC056AA1CF32B5D000C34E6 /* Lato-Semibold.ttf */; };
		BAC056B21CF32B5D000C34E6 /* Lato-Thin.ttf in Resources */ = {isa = PBXBuildFile; fileRef = BAC056AB1CF32B5D000C34E6 /* Lato-Thin.ttf */; };
		BAC056B31CF32B5D000C34E6 /* Lato-ThinItalic.ttf in Resources */ = {isa = PBXBuildFile; fileRef = BAC056AC1CF32B5D000C34E6 /* Lato-ThinItalic.ttf */; };
/* End PBXBuildFile section */

/* Begin PBXContainerItemProxy section */
		BA77B40E1CEEF3E200BDD619 /* PBXContainerItemProxy */ = {
			isa = PBXContainerItemProxy;
			containerPortal = 4CC0F2671CEE16B000683FB0 /* Project object */;
			proxyType = 1;
			remoteGlobalIDString = 4CC0F26E1CEE16B000683FB0;
			remoteInfo = "Tek Talk";
		};
/* End PBXContainerItemProxy section */

/* Begin PBXFileReference section */
		4CC0F26F1CEE16B000683FB0 /* Tek Talk.app */ = {isa = PBXFileReference; explicitFileType = wrapper.application; includeInIndex = 0; path = "Tek Talk.app"; sourceTree = BUILT_PRODUCTS_DIR; };
		4CC0F2721CEE16B000683FB0 /* AppDelegate.swift */ = {isa = PBXFileReference; lastKnownFileType = sourcecode.swift; path = AppDelegate.swift; sourceTree = "<group>"; };
		4CC0F2771CEE16B000683FB0 /* Base */ = {isa = PBXFileReference; lastKnownFileType = file.storyboard; name = Base; path = Base.lproj/Main.storyboard; sourceTree = "<group>"; };
		4CC0F2791CEE16B000683FB0 /* Assets.xcassets */ = {isa = PBXFileReference; lastKnownFileType = folder.assetcatalog; path = Assets.xcassets; sourceTree = "<group>"; };
		4CC0F27C1CEE16B000683FB0 /* Base */ = {isa = PBXFileReference; lastKnownFileType = file.storyboard; name = Base; path = Base.lproj/LaunchScreen.storyboard; sourceTree = "<group>"; };
		4CC0F27E1CEE16B000683FB0 /* Info.plist */ = {isa = PBXFileReference; lastKnownFileType = text.plist.xml; path = Info.plist; sourceTree = "<group>"; };
		4F6686D7FA441C37C0579023 /* Pods-Tek Talk.release.xcconfig */ = {isa = PBXFileReference; includeInIndex = 1; lastKnownFileType = text.xcconfig; name = "Pods-Tek Talk.release.xcconfig"; path = "Pods/Target Support Files/Pods-Tek Talk/Pods-Tek Talk.release.xcconfig"; sourceTree = "<group>"; };
		50BA580E60E8905BC7FC22A9 /* Pods-Tek Talk.debug.xcconfig */ = {isa = PBXFileReference; includeInIndex = 1; lastKnownFileType = text.xcconfig; name = "Pods-Tek Talk.debug.xcconfig"; path = "Pods/Target Support Files/Pods-Tek Talk/Pods-Tek Talk.debug.xcconfig"; sourceTree = "<group>"; };
		653471777C857C4F85B4F88F /* Pods-Tek TalkTests.release.xcconfig */ = {isa = PBXFileReference; includeInIndex = 1; lastKnownFileType = text.xcconfig; name = "Pods-Tek TalkTests.release.xcconfig"; path = "Pods/Target Support Files/Pods-Tek TalkTests/Pods-Tek TalkTests.release.xcconfig"; sourceTree = "<group>"; };
		68CBF5A71CEEB466001A97FA /* BaseTabbarController.swift */ = {isa = PBXFileReference; fileEncoding = 4; lastKnownFileType = sourcecode.swift; path = BaseTabbarController.swift; sourceTree = "<group>"; };
		68CBF5AA1CEEB847001A97FA /* BaseViewController.swift */ = {isa = PBXFileReference; fileEncoding = 4; lastKnownFileType = sourcecode.swift; path = BaseViewController.swift; sourceTree = "<group>"; };
		68CBF5B71CEEBC75001A97FA /* ContactUsViewController.swift */ = {isa = PBXFileReference; fileEncoding = 4; lastKnownFileType = sourcecode.swift; path = ContactUsViewController.swift; sourceTree = "<group>"; };
		68CBF5B91CEEBC75001A97FA /* EventViewController.swift */ = {isa = PBXFileReference; fileEncoding = 4; lastKnownFileType = sourcecode.swift; path = EventViewController.swift; sourceTree = "<group>"; };
		68CBF5BB1CEEBC75001A97FA /* TalkViewController.swift */ = {isa = PBXFileReference; fileEncoding = 4; lastKnownFileType = sourcecode.swift; path = TalkViewController.swift; sourceTree = "<group>"; };
		68CBF5C01CEEBCA0001A97FA /* BaseNavigationController.swift */ = {isa = PBXFileReference; fileEncoding = 4; lastKnownFileType = sourcecode.swift; path = BaseNavigationController.swift; sourceTree = "<group>"; };
		BA77B4091CEEF3E200BDD619 /* Tek TalkTests.xctest */ = {isa = PBXFileReference; explicitFileType = wrapper.cfbundle; includeInIndex = 0; path = "Tek TalkTests.xctest"; sourceTree = BUILT_PRODUCTS_DIR; };
		BA77B40B1CEEF3E200BDD619 /* Tek_TalkTests.swift */ = {isa = PBXFileReference; lastKnownFileType = sourcecode.swift; path = Tek_TalkTests.swift; sourceTree = "<group>"; };
		BA77B40D1CEEF3E200BDD619 /* Info.plist */ = {isa = PBXFileReference; lastKnownFileType = text.plist.xml; path = Info.plist; sourceTree = "<group>"; };
		BA77B4141CEEFDC800BDD619 /* ApplicationHelper.swift */ = {isa = PBXFileReference; fileEncoding = 4; lastKnownFileType = sourcecode.swift; path = ApplicationHelper.swift; sourceTree = "<group>"; };
		BA77B4181CEEFFEF00BDD619 /* Constant.swift */ = {isa = PBXFileReference; fileEncoding = 4; lastKnownFileType = sourcecode.swift; path = Constant.swift; sourceTree = "<group>"; };
		BAC0567C1CF2A6F8000C34E6 /* EventViewModel.swift */ = {isa = PBXFileReference; fileEncoding = 4; lastKnownFileType = sourcecode.swift; path = EventViewModel.swift; sourceTree = "<group>"; };
		BAC0567E1CF2A712000C34E6 /* APIManager.swift */ = {isa = PBXFileReference; fileEncoding = 4; lastKnownFileType = sourcecode.swift; path = APIManager.swift; sourceTree = "<group>"; };
		BAC056821CF2A733000C34E6 /* BaseOperation.swift */ = {isa = PBXFileReference; fileEncoding = 4; lastKnownFileType = sourcecode.swift; path = BaseOperation.swift; sourceTree = "<group>"; };
		BAC056851CF2A74E000C34E6 /* EventOperation.swift */ = {isa = PBXFileReference; fileEncoding = 4; lastKnownFileType = sourcecode.swift; path = EventOperation.swift; sourceTree = "<group>"; };
		BAC056881CF2AEAB000C34E6 /* UIOperation.swift */ = {isa = PBXFileReference; fileEncoding = 4; lastKnownFileType = sourcecode.swift; path = UIOperation.swift; sourceTree = "<group>"; };
		BAC0568B1CF2C9BC000C34E6 /* BaseViewModel.swift */ = {isa = PBXFileReference; fileEncoding = 4; lastKnownFileType = sourcecode.swift; path = BaseViewModel.swift; sourceTree = "<group>"; };
		BAC0568E1CF2CCB0000C34E6 /* RoutesManager.swift */ = {isa = PBXFileReference; fileEncoding = 4; lastKnownFileType = sourcecode.swift; path = RoutesManager.swift; sourceTree = "<group>"; };
		BAC056921CF2D013000C34E6 /* TalkDetailViewController.swift */ = {isa = PBXFileReference; fileEncoding = 4; lastKnownFileType = sourcecode.swift; path = TalkDetailViewController.swift; sourceTree = "<group>"; };
		BAC056941CF2D01F000C34E6 /* EventDetailViewController.swift */ = {isa = PBXFileReference; fileEncoding = 4; lastKnownFileType = sourcecode.swift; path = EventDetailViewController.swift; sourceTree = "<group>"; };
		BAC056971CF30841000C34E6 /* ImageOperation.swift */ = {isa = PBXFileReference; fileEncoding = 4; lastKnownFileType = sourcecode.swift; path = ImageOperation.swift; sourceTree = "<group>"; };
		BAC0569C1CF30CC5000C34E6 /* FeEventCell.swift */ = {isa = PBXFileReference; fileEncoding = 4; lastKnownFileType = sourcecode.swift; path = FeEventCell.swift; sourceTree = "<group>"; };
		BAC0569D1CF30CC5000C34E6 /* FeEventCell.xib */ = {isa = PBXFileReference; fileEncoding = 4; lastKnownFileType = file.xib; path = FeEventCell.xib; sourceTree = "<group>"; };
		BAC056A01CF30D78000C34E6 /* sceen_cell_event@2x.jpg */ = {isa = PBXFileReference; lastKnownFileType = image.jpeg; path = "sceen_cell_event@2x.jpg"; sourceTree = "<group>"; };
		BAC056A31CF30F6B000C34E6 /* FontHelper.swift */ = {isa = PBXFileReference; fileEncoding = 4; lastKnownFileType = sourcecode.swift; path = FontHelper.swift; sourceTree = "<group>"; };
		BAC056A61CF32B5D000C34E6 /* Lato-Bold.ttf */ = {isa = PBXFileReference; lastKnownFileType = file; path = "Lato-Bold.ttf"; sourceTree = "<group>"; };
		BAC056A71CF32B5D000C34E6 /* Lato-Light.ttf */ = {isa = PBXFileReference; lastKnownFileType = file; path = "Lato-Light.ttf"; sourceTree = "<group>"; };
		BAC056A81CF32B5D000C34E6 /* Lato-Medium.ttf */ = {isa = PBXFileReference; lastKnownFileType = file; path = "Lato-Medium.ttf"; sourceTree = "<group>"; };
		BAC056A91CF32B5D000C34E6 /* Lato-Regular.ttf */ = {isa = PBXFileReference; lastKnownFileType = file; path = "Lato-Regular.ttf"; sourceTree = "<group>"; };
		BAC056AA1CF32B5D000C34E6 /* Lato-Semibold.ttf */ = {isa = PBXFileReference; lastKnownFileType = file; path = "Lato-Semibold.ttf"; sourceTree = "<group>"; };
		BAC056AB1CF32B5D000C34E6 /* Lato-Thin.ttf */ = {isa = PBXFileReference; lastKnownFileType = file; path = "Lato-Thin.ttf"; sourceTree = "<group>"; };
		BAC056AC1CF32B5D000C34E6 /* Lato-ThinItalic.ttf */ = {isa = PBXFileReference; lastKnownFileType = file; path = "Lato-ThinItalic.ttf"; sourceTree = "<group>"; };
		EC05C96DC0FB932BB237AF3B /* Pods_Tek_Talk.framework */ = {isa = PBXFileReference; explicitFileType = wrapper.framework; includeInIndex = 0; path = Pods_Tek_Talk.framework; sourceTree = BUILT_PRODUCTS_DIR; };
		F98B03237F1BEDB410EEDDB6 /* Pods-Tek TalkTests.debug.xcconfig */ = {isa = PBXFileReference; includeInIndex = 1; lastKnownFileType = text.xcconfig; name = "Pods-Tek TalkTests.debug.xcconfig"; path = "Pods/Target Support Files/Pods-Tek TalkTests/Pods-Tek TalkTests.debug.xcconfig"; sourceTree = "<group>"; };
		FD9C537CF7EF83D1AD7FBDD9 /* Pods_Tek_TalkTests.framework */ = {isa = PBXFileReference; explicitFileType = wrapper.framework; includeInIndex = 0; path = Pods_Tek_TalkTests.framework; sourceTree = BUILT_PRODUCTS_DIR; };
/* End PBXFileReference section */

/* Begin PBXFrameworksBuildPhase section */
		4CC0F26C1CEE16B000683FB0 /* Frameworks */ = {
			isa = PBXFrameworksBuildPhase;
			buildActionMask = 2147483647;
			files = (
				7083419CE4E44DD4350733FD /* Pods_Tek_Talk.framework in Frameworks */,
			);
			runOnlyForDeploymentPostprocessing = 0;
		};
		BA77B4061CEEF3E200BDD619 /* Frameworks */ = {
			isa = PBXFrameworksBuildPhase;
			buildActionMask = 2147483647;
			files = (
				4DD27F252ECC28BFB5609BC0 /* Pods_Tek_TalkTests.framework in Frameworks */,
			);
			runOnlyForDeploymentPostprocessing = 0;
		};
/* End PBXFrameworksBuildPhase section */

/* Begin PBXGroup section */
		0DA24CCCC13B36DB1B9094A1 /* Frameworks */ = {
			isa = PBXGroup;
			children = (
				EC05C96DC0FB932BB237AF3B /* Pods_Tek_Talk.framework */,
				FD9C537CF7EF83D1AD7FBDD9 /* Pods_Tek_TalkTests.framework */,
			);
			name = Frameworks;
			sourceTree = "<group>";
		};
		23721E565EABC54708611FB2 /* Pods */ = {
			isa = PBXGroup;
			children = (
				50BA580E60E8905BC7FC22A9 /* Pods-Tek Talk.debug.xcconfig */,
				4F6686D7FA441C37C0579023 /* Pods-Tek Talk.release.xcconfig */,
				F98B03237F1BEDB410EEDDB6 /* Pods-Tek TalkTests.debug.xcconfig */,
				653471777C857C4F85B4F88F /* Pods-Tek TalkTests.release.xcconfig */,
			);
			name = Pods;
			sourceTree = "<group>";
		};
		4CC0F2661CEE16B000683FB0 = {
			isa = PBXGroup;
			children = (
				4CC0F2711CEE16B000683FB0 /* Tek Talk */,
				BA77B40A1CEEF3E200BDD619 /* Tek TalkTests */,
				4CC0F2701CEE16B000683FB0 /* Products */,
				23721E565EABC54708611FB2 /* Pods */,
				0DA24CCCC13B36DB1B9094A1 /* Frameworks */,
			);
			sourceTree = "<group>";
		};
		4CC0F2701CEE16B000683FB0 /* Products */ = {
			isa = PBXGroup;
			children = (
				4CC0F26F1CEE16B000683FB0 /* Tek Talk.app */,
				BA77B4091CEEF3E200BDD619 /* Tek TalkTests.xctest */,
			);
			name = Products;
			sourceTree = "<group>";
		};
		4CC0F2711CEE16B000683FB0 /* Tek Talk */ = {
			isa = PBXGroup;
			children = (
				BAC056A01CF30D78000C34E6 /* sceen_cell_event@2x.jpg */,
				BA77B4171CEEFFE300BDD619 /* Constant */,
				BA77B3FE1CEEF0AA00BDD619 /* Resouse */,
				BA77B3FD1CEEF09600BDD619 /* AppDelegate */,
				BA77B3FC1CEEF08D00BDD619 /* Base */,
				BA77B4041CEEF0E800BDD619 /* Source code */,
				4CC0F27E1CEE16B000683FB0 /* Info.plist */,
			);
			path = "Tek Talk";
			sourceTree = "<group>";
		};
		68CBF5A61CEEB45B001A97FA /* BaseTabbarController */ = {
			isa = PBXGroup;
			children = (
				68CBF5A71CEEB466001A97FA /* BaseTabbarController.swift */,
			);
			path = BaseTabbarController;
			sourceTree = "<group>";
		};
		68CBF5A91CEEB840001A97FA /* BaseViewController */ = {
			isa = PBXGroup;
			children = (
				68CBF5AA1CEEB847001A97FA /* BaseViewController.swift */,
			);
			path = BaseViewController;
			sourceTree = "<group>";
		};
		68CBF5B51CEEBC75001A97FA /* Controller */ = {
			isa = PBXGroup;
			children = (
				BAC056911CF2CFFC000C34E6 /* TalkDetail */,
				BAC056901CF2CFF3000C34E6 /* EventDetail */,
				68CBF5B61CEEBC75001A97FA /* ContactUSViewController */,
				68CBF5B81CEEBC75001A97FA /* EventViewController */,
				68CBF5BA1CEEBC75001A97FA /* TalkViewController */,
			);
			path = Controller;
			sourceTree = "<group>";
		};
		68CBF5B61CEEBC75001A97FA /* ContactUSViewController */ = {
			isa = PBXGroup;
			children = (
				68CBF5B71CEEBC75001A97FA /* ContactUsViewController.swift */,
			);
			path = ContactUSViewController;
			sourceTree = "<group>";
		};
		68CBF5B81CEEBC75001A97FA /* EventViewController */ = {
			isa = PBXGroup;
			children = (
				BAC0567C1CF2A6F8000C34E6 /* EventViewModel.swift */,
				68CBF5B91CEEBC75001A97FA /* EventViewController.swift */,
			);
			path = EventViewController;
			sourceTree = "<group>";
		};
		68CBF5BA1CEEBC75001A97FA /* TalkViewController */ = {
			isa = PBXGroup;
			children = (
				68CBF5BB1CEEBC75001A97FA /* TalkViewController.swift */,
			);
			path = TalkViewController;
			sourceTree = "<group>";
		};
		68CBF5BF1CEEBC79001A97FA /* BaseNavigationController */ = {
			isa = PBXGroup;
			children = (
				68CBF5C01CEEBCA0001A97FA /* BaseNavigationController.swift */,
			);
			path = BaseNavigationController;
			sourceTree = "<group>";
		};
		BA77B3FC1CEEF08D00BDD619 /* Base */ = {
			isa = PBXGroup;
			children = (
				BAC0568A1CF2C9A6000C34E6 /* ViewModel */,
				BA77B4031CEEF0E100BDD619 /* View */,
				BA77B4021CEEF0DD00BDD619 /* Model */,
				BA77B4011CEEF0D600BDD619 /* Controller */,
			);
			name = Base;
			sourceTree = "<group>";
		};
		BA77B3FD1CEEF09600BDD619 /* AppDelegate */ = {
			isa = PBXGroup;
			children = (
				4CC0F2721CEE16B000683FB0 /* AppDelegate.swift */,
			);
			name = AppDelegate;
			sourceTree = "<group>";
		};
		BA77B3FE1CEEF0AA00BDD619 /* Resouse */ = {
			isa = PBXGroup;
			children = (
				BAC056A51CF30FA3000C34E6 /* Font */,
				BA77B4001CEEF0B300BDD619 /* Assets */,
				BA77B3FF1CEEF0AD00BDD619 /* Storyboard */,
			);
			name = Resouse;
			sourceTree = "<group>";
		};
		BA77B3FF1CEEF0AD00BDD619 /* Storyboard */ = {
			isa = PBXGroup;
			children = (
				4CC0F2761CEE16B000683FB0 /* Main.storyboard */,
				4CC0F27B1CEE16B000683FB0 /* LaunchScreen.storyboard */,
			);
			name = Storyboard;
			sourceTree = "<group>";
		};
		BA77B4001CEEF0B300BDD619 /* Assets */ = {
			isa = PBXGroup;
			children = (
				4CC0F2791CEE16B000683FB0 /* Assets.xcassets */,
			);
			name = Assets;
			sourceTree = "<group>";
		};
		BA77B4011CEEF0D600BDD619 /* Controller */ = {
			isa = PBXGroup;
			children = (
				68CBF5BF1CEEBC79001A97FA /* BaseNavigationController */,
				68CBF5A91CEEB840001A97FA /* BaseViewController */,
				68CBF5A61CEEB45B001A97FA /* BaseTabbarController */,
			);
			name = Controller;
			sourceTree = "<group>";
		};
		BA77B4021CEEF0DD00BDD619 /* Model */ = {
			isa = PBXGroup;
			children = (
				BAC056811CF2A721000C34E6 /* Operation */,
			);
			name = Model;
			sourceTree = "<group>";
		};
		BA77B4031CEEF0E100BDD619 /* View */ = {
			isa = PBXGroup;
			children = (
			);
			name = View;
			sourceTree = "<group>";
		};
		BA77B4041CEEF0E800BDD619 /* Source code */ = {
			isa = PBXGroup;
			children = (
				BAC0567A1CF2A6AE000C34E6 /* Model */,
				BAC056991CF30C8A000C34E6 /* View */,
				BA77B4131CEEFCB000BDD619 /* Utility */,
				68CBF5B51CEEBC75001A97FA /* Controller */,
			);
			name = "Source code";
			sourceTree = "<group>";
		};
		BA77B40A1CEEF3E200BDD619 /* Tek TalkTests */ = {
			isa = PBXGroup;
			children = (
				BA77B40B1CEEF3E200BDD619 /* Tek_TalkTests.swift */,
				BA77B40D1CEEF3E200BDD619 /* Info.plist */,
			);
			path = "Tek TalkTests";
			sourceTree = "<group>";
		};
		BA77B4131CEEFCB000BDD619 /* Utility */ = {
			isa = PBXGroup;
			children = (
				BA77B4141CEEFDC800BDD619 /* ApplicationHelper.swift */,
				BAC056A31CF30F6B000C34E6 /* FontHelper.swift */,
			);
			name = Utility;
			sourceTree = "<group>";
		};
		BA77B4171CEEFFE300BDD619 /* Constant */ = {
			isa = PBXGroup;
			children = (
				BA77B4181CEEFFEF00BDD619 /* Constant.swift */,
			);
			name = Constant;
			sourceTree = "<group>";
		};
		BAC0567A1CF2A6AE000C34E6 /* Model */ = {
			isa = PBXGroup;
			children = (
				BAC0568D1CF2CC97000C34E6 /* RoutesManager */,
				BAC056801CF2A715000C34E6 /* Operation */,
				BAC0567B1CF2A6B4000C34E6 /* APIManager */,
			);
			name = Model;
			sourceTree = "<group>";
		};
		BAC0567B1CF2A6B4000C34E6 /* APIManager */ = {
			isa = PBXGroup;
			children = (
				BAC0567E1CF2A712000C34E6 /* APIManager.swift */,
			);
			name = APIManager;
			sourceTree = "<group>";
		};
		BAC056801CF2A715000C34E6 /* Operation */ = {
			isa = PBXGroup;
			children = (
				BAC056961CF303DB000C34E6 /* Image */,
				BAC056871CF2AE9D000C34E6 /* UI */,
				BAC056841CF2A73B000C34E6 /* Event */,
			);
			name = Operation;
			sourceTree = "<group>";
		};
		BAC056811CF2A721000C34E6 /* Operation */ = {
			isa = PBXGroup;
			children = (
				BAC056821CF2A733000C34E6 /* BaseOperation.swift */,
			);
			name = Operation;
			sourceTree = "<group>";
		};
		BAC056841CF2A73B000C34E6 /* Event */ = {
			isa = PBXGroup;
			children = (
				BAC056851CF2A74E000C34E6 /* EventOperation.swift */,
			);
			name = Event;
			sourceTree = "<group>";
		};
		BAC056871CF2AE9D000C34E6 /* UI */ = {
			isa = PBXGroup;
			children = (
				BAC056881CF2AEAB000C34E6 /* UIOperation.swift */,
			);
			name = UI;
			sourceTree = "<group>";
		};
		BAC0568A1CF2C9A6000C34E6 /* ViewModel */ = {
			isa = PBXGroup;
			children = (
				BAC0568B1CF2C9BC000C34E6 /* BaseViewModel.swift */,
			);
			name = ViewModel;
			sourceTree = "<group>";
		};
		BAC0568D1CF2CC97000C34E6 /* RoutesManager */ = {
			isa = PBXGroup;
			children = (
				BAC0568E1CF2CCB0000C34E6 /* RoutesManager.swift */,
			);
			name = RoutesManager;
			sourceTree = "<group>";
		};
		BAC056901CF2CFF3000C34E6 /* EventDetail */ = {
			isa = PBXGroup;
			children = (
				BAC056941CF2D01F000C34E6 /* EventDetailViewController.swift */,
			);
			name = EventDetail;
			sourceTree = "<group>";
		};
		BAC056911CF2CFFC000C34E6 /* TalkDetail */ = {
			isa = PBXGroup;
			children = (
				BAC056921CF2D013000C34E6 /* TalkDetailViewController.swift */,
			);
			name = TalkDetail;
			sourceTree = "<group>";
		};
		BAC056961CF303DB000C34E6 /* Image */ = {
			isa = PBXGroup;
			children = (
				BAC056971CF30841000C34E6 /* ImageOperation.swift */,
			);
			name = Image;
			sourceTree = "<group>";
		};
		BAC056991CF30C8A000C34E6 /* View */ = {
			isa = PBXGroup;
			children = (
				BAC0569B1CF30C97000C34E6 /* Event Cell */,
			);
			name = View;
			sourceTree = "<group>";
		};
		BAC0569B1CF30C97000C34E6 /* Event Cell */ = {
			isa = PBXGroup;
			children = (
				BAC0569C1CF30CC5000C34E6 /* FeEventCell.swift */,
				BAC0569D1CF30CC5000C34E6 /* FeEventCell.xib */,
			);
			name = "Event Cell";
			sourceTree = "<group>";
		};
		BAC056A51CF30FA3000C34E6 /* Font */ = {
			isa = PBXGroup;
			children = (
				BAC056A61CF32B5D000C34E6 /* Lato-Bold.ttf */,
				BAC056A71CF32B5D000C34E6 /* Lato-Light.ttf */,
				BAC056A81CF32B5D000C34E6 /* Lato-Medium.ttf */,
				BAC056A91CF32B5D000C34E6 /* Lato-Regular.ttf */,
				BAC056AA1CF32B5D000C34E6 /* Lato-Semibold.ttf */,
				BAC056AB1CF32B5D000C34E6 /* Lato-Thin.ttf */,
				BAC056AC1CF32B5D000C34E6 /* Lato-ThinItalic.ttf */,
			);
			name = Font;
			sourceTree = "<group>";
		};
/* End PBXGroup section */

/* Begin PBXNativeTarget section */
		4CC0F26E1CEE16B000683FB0 /* Tek Talk */ = {
			isa = PBXNativeTarget;
			buildConfigurationList = 4CC0F2811CEE16B000683FB0 /* Build configuration list for PBXNativeTarget "Tek Talk" */;
			buildPhases = (
				44C439E36E9266CA1A7E668B /* 📦 Check Pods Manifest.lock */,
				4CC0F26B1CEE16B000683FB0 /* Sources */,
				4CC0F26C1CEE16B000683FB0 /* Frameworks */,
				4CC0F26D1CEE16B000683FB0 /* Resources */,
				91A056A746E744643EC1DA1E /* 📦 Embed Pods Frameworks */,
				2F1CB2B41F7D053235D0C22C /* 📦 Copy Pods Resources */,
			);
			buildRules = (
			);
			dependencies = (
			);
			name = "Tek Talk";
			productName = "Tek Talk";
			productReference = 4CC0F26F1CEE16B000683FB0 /* Tek Talk.app */;
			productType = "com.apple.product-type.application";
		};
		BA77B4081CEEF3E200BDD619 /* Tek TalkTests */ = {
			isa = PBXNativeTarget;
			buildConfigurationList = BA77B4101CEEF3E200BDD619 /* Build configuration list for PBXNativeTarget "Tek TalkTests" */;
			buildPhases = (
				A9791E3D7B10FC2F865F990B /* 📦 Check Pods Manifest.lock */,
				BA77B4051CEEF3E200BDD619 /* Sources */,
				BA77B4061CEEF3E200BDD619 /* Frameworks */,
				BA77B4071CEEF3E200BDD619 /* Resources */,
				952E156AD53CFE31DA131036 /* 📦 Embed Pods Frameworks */,
				B151BF9CEB75B30AB0316953 /* 📦 Copy Pods Resources */,
			);
			buildRules = (
			);
			dependencies = (
				BA77B40F1CEEF3E200BDD619 /* PBXTargetDependency */,
			);
			name = "Tek TalkTests";
			productName = "Tek TalkTests";
			productReference = BA77B4091CEEF3E200BDD619 /* Tek TalkTests.xctest */;
			productType = "com.apple.product-type.bundle.unit-test";
		};
/* End PBXNativeTarget section */

/* Begin PBXProject section */
		4CC0F2671CEE16B000683FB0 /* Project object */ = {
			isa = PBXProject;
			attributes = {
				LastSwiftUpdateCheck = 0730;
				LastUpgradeCheck = 0730;
				ORGANIZATIONNAME = Zyncas;
				TargetAttributes = {
					4CC0F26E1CEE16B000683FB0 = {
						CreatedOnToolsVersion = 7.3;
						DevelopmentTeam = ZLV557M852;
					};
					BA77B4081CEEF3E200BDD619 = {
						CreatedOnToolsVersion = 7.3.1;
						TestTargetID = 4CC0F26E1CEE16B000683FB0;
					};
				};
			};
			buildConfigurationList = 4CC0F26A1CEE16B000683FB0 /* Build configuration list for PBXProject "Tek Talk" */;
			compatibilityVersion = "Xcode 3.2";
			developmentRegion = English;
			hasScannedForEncodings = 0;
			knownRegions = (
				en,
				Base,
			);
			mainGroup = 4CC0F2661CEE16B000683FB0;
			productRefGroup = 4CC0F2701CEE16B000683FB0 /* Products */;
			projectDirPath = "";
			projectRoot = "";
			targets = (
				4CC0F26E1CEE16B000683FB0 /* Tek Talk */,
				BA77B4081CEEF3E200BDD619 /* Tek TalkTests */,
			);
		};
/* End PBXProject section */

/* Begin PBXResourcesBuildPhase section */
		4CC0F26D1CEE16B000683FB0 /* Resources */ = {
			isa = PBXResourcesBuildPhase;
			buildActionMask = 2147483647;
			files = (
				4CC0F27D1CEE16B000683FB0 /* LaunchScreen.storyboard in Resources */,
				BAC056B31CF32B5D000C34E6 /* Lato-ThinItalic.ttf in Resources */,
				BAC056AF1CF32B5D000C34E6 /* Lato-Medium.ttf in Resources */,
				BAC056AD1CF32B5D000C34E6 /* Lato-Bold.ttf in Resources */,
				BAC0569F1CF30CC5000C34E6 /* FeEventCell.xib in Resources */,
				BAC056B21CF32B5D000C34E6 /* Lato-Thin.ttf in Resources */,
				BAC056B01CF32B5D000C34E6 /* Lato-Regular.ttf in Resources */,
				BAC056B11CF32B5D000C34E6 /* Lato-Semibold.ttf in Resources */,
				BAC056A11CF30D78000C34E6 /* sceen_cell_event@2x.jpg in Resources */,
				4CC0F27A1CEE16B000683FB0 /* Assets.xcassets in Resources */,
				4CC0F2781CEE16B000683FB0 /* Main.storyboard in Resources */,
				BAC056AE1CF32B5D000C34E6 /* Lato-Light.ttf in Resources */,
			);
			runOnlyForDeploymentPostprocessing = 0;
		};
		BA77B4071CEEF3E200BDD619 /* Resources */ = {
			isa = PBXResourcesBuildPhase;
			buildActionMask = 2147483647;
			files = (
			);
			runOnlyForDeploymentPostprocessing = 0;
		};
/* End PBXResourcesBuildPhase section */

/* Begin PBXShellScriptBuildPhase section */
		2F1CB2B41F7D053235D0C22C /* 📦 Copy Pods Resources */ = {
			isa = PBXShellScriptBuildPhase;
			buildActionMask = 2147483647;
			files = (
			);
			inputPaths = (
			);
			name = "📦 Copy Pods Resources";
			outputPaths = (
			);
			runOnlyForDeploymentPostprocessing = 0;
			shellPath = /bin/sh;
			shellScript = "\"${SRCROOT}/Pods/Target Support Files/Pods-Tek Talk/Pods-Tek Talk-resources.sh\"\n";
			showEnvVarsInLog = 0;
		};
		44C439E36E9266CA1A7E668B /* 📦 Check Pods Manifest.lock */ = {
			isa = PBXShellScriptBuildPhase;
			buildActionMask = 2147483647;
			files = (
			);
			inputPaths = (
			);
			name = "📦 Check Pods Manifest.lock";
			outputPaths = (
			);
			runOnlyForDeploymentPostprocessing = 0;
			shellPath = /bin/sh;
			shellScript = "diff \"${PODS_ROOT}/../Podfile.lock\" \"${PODS_ROOT}/Manifest.lock\" > /dev/null\nif [[ $? != 0 ]] ; then\n    cat << EOM\nerror: The sandbox is not in sync with the Podfile.lock. Run 'pod install' or update your CocoaPods installation.\nEOM\n    exit 1\nfi\n";
			showEnvVarsInLog = 0;
		};
		91A056A746E744643EC1DA1E /* 📦 Embed Pods Frameworks */ = {
			isa = PBXShellScriptBuildPhase;
			buildActionMask = 2147483647;
			files = (
			);
			inputPaths = (
			);
			name = "📦 Embed Pods Frameworks";
			outputPaths = (
			);
			runOnlyForDeploymentPostprocessing = 0;
			shellPath = /bin/sh;
			shellScript = "\"${SRCROOT}/Pods/Target Support Files/Pods-Tek Talk/Pods-Tek Talk-frameworks.sh\"\n";
			showEnvVarsInLog = 0;
		};
		952E156AD53CFE31DA131036 /* 📦 Embed Pods Frameworks */ = {
			isa = PBXShellScriptBuildPhase;
			buildActionMask = 2147483647;
			files = (
			);
			inputPaths = (
			);
			name = "📦 Embed Pods Frameworks";
			outputPaths = (
			);
			runOnlyForDeploymentPostprocessing = 0;
			shellPath = /bin/sh;
			shellScript = "\"${SRCROOT}/Pods/Target Support Files/Pods-Tek TalkTests/Pods-Tek TalkTests-frameworks.sh\"\n";
			showEnvVarsInLog = 0;
		};
		A9791E3D7B10FC2F865F990B /* 📦 Check Pods Manifest.lock */ = {
			isa = PBXShellScriptBuildPhase;
			buildActionMask = 2147483647;
			files = (
			);
			inputPaths = (
			);
			name = "📦 Check Pods Manifest.lock";
			outputPaths = (
			);
			runOnlyForDeploymentPostprocessing = 0;
			shellPath = /bin/sh;
			shellScript = "diff \"${PODS_ROOT}/../Podfile.lock\" \"${PODS_ROOT}/Manifest.lock\" > /dev/null\nif [[ $? != 0 ]] ; then\n    cat << EOM\nerror: The sandbox is not in sync with the Podfile.lock. Run 'pod install' or update your CocoaPods installation.\nEOM\n    exit 1\nfi\n";
			showEnvVarsInLog = 0;
		};
		B151BF9CEB75B30AB0316953 /* 📦 Copy Pods Resources */ = {
			isa = PBXShellScriptBuildPhase;
			buildActionMask = 2147483647;
			files = (
			);
			inputPaths = (
			);
			name = "📦 Copy Pods Resources";
			outputPaths = (
			);
			runOnlyForDeploymentPostprocessing = 0;
			shellPath = /bin/sh;
			shellScript = "\"${SRCROOT}/Pods/Target Support Files/Pods-Tek TalkTests/Pods-Tek TalkTests-resources.sh\"\n";
			showEnvVarsInLog = 0;
		};
/* End PBXShellScriptBuildPhase section */

/* Begin PBXSourcesBuildPhase section */
		4CC0F26B1CEE16B000683FB0 /* Sources */ = {
			isa = PBXSourcesBuildPhase;
			buildActionMask = 2147483647;
			files = (
				BAC056981CF30841000C34E6 /* ImageOperation.swift in Sources */,
				68CBF5C11CEEBCA0001A97FA /* BaseNavigationController.swift in Sources */,
				68CBF5AB1CEEB847001A97FA /* BaseViewController.swift in Sources */,
				BAC056861CF2A74E000C34E6 /* EventOperation.swift in Sources */,
				BA77B4191CEEFFEF00BDD619 /* Constant.swift in Sources */,
				BAC0567D1CF2A6F8000C34E6 /* EventViewModel.swift in Sources */,
				BAC0567F1CF2A712000C34E6 /* APIManager.swift in Sources */,
				68CBF5BC1CEEBC75001A97FA /* ContactUsViewController.swift in Sources */,
				BAC056831CF2A733000C34E6 /* BaseOperation.swift in Sources */,
				68CBF5BE1CEEBC75001A97FA /* TalkViewController.swift in Sources */,
				BAC056931CF2D013000C34E6 /* TalkDetailViewController.swift in Sources */,
				4CC0F2731CEE16B000683FB0 /* AppDelegate.swift in Sources */,
				BAC056A41CF30F6B000C34E6 /* FontHelper.swift in Sources */,
				68CBF5A81CEEB466001A97FA /* BaseTabbarController.swift in Sources */,
				BAC056951CF2D01F000C34E6 /* EventDetailViewController.swift in Sources */,
				BAC0568F1CF2CCB0000C34E6 /* RoutesManager.swift in Sources */,
				BAC0568C1CF2C9BC000C34E6 /* BaseViewModel.swift in Sources */,
				BA77B4151CEEFDC800BDD619 /* ApplicationHelper.swift in Sources */,
				BAC0569E1CF30CC5000C34E6 /* FeEventCell.swift in Sources */,
				68CBF5BD1CEEBC75001A97FA /* EventViewController.swift in Sources */,
				BAC056891CF2AEAB000C34E6 /* UIOperation.swift in Sources */,
			);
			runOnlyForDeploymentPostprocessing = 0;
		};
		BA77B4051CEEF3E200BDD619 /* Sources */ = {
			isa = PBXSourcesBuildPhase;
			buildActionMask = 2147483647;
			files = (
				BA77B40C1CEEF3E200BDD619 /* Tek_TalkTests.swift in Sources */,
			);
			runOnlyForDeploymentPostprocessing = 0;
		};
/* End PBXSourcesBuildPhase section */

/* Begin PBXTargetDependency section */
		BA77B40F1CEEF3E200BDD619 /* PBXTargetDependency */ = {
			isa = PBXTargetDependency;
			target = 4CC0F26E1CEE16B000683FB0 /* Tek Talk */;
			targetProxy = BA77B40E1CEEF3E200BDD619 /* PBXContainerItemProxy */;
		};
/* End PBXTargetDependency section */

/* Begin PBXVariantGroup section */
		4CC0F2761CEE16B000683FB0 /* Main.storyboard */ = {
			isa = PBXVariantGroup;
			children = (
				4CC0F2771CEE16B000683FB0 /* Base */,
			);
			name = Main.storyboard;
			sourceTree = "<group>";
		};
		4CC0F27B1CEE16B000683FB0 /* LaunchScreen.storyboard */ = {
			isa = PBXVariantGroup;
			children = (
				4CC0F27C1CEE16B000683FB0 /* Base */,
			);
			name = LaunchScreen.storyboard;
			sourceTree = "<group>";
		};
/* End PBXVariantGroup section */

/* Begin XCBuildConfiguration section */
		4CC0F27F1CEE16B000683FB0 /* Debug */ = {
			isa = XCBuildConfiguration;
			buildSettings = {
				ALWAYS_SEARCH_USER_PATHS = NO;
				CLANG_ANALYZER_NONNULL = YES;
				CLANG_CXX_LANGUAGE_STANDARD = "gnu++0x";
				CLANG_CXX_LIBRARY = "libc++";
				CLANG_ENABLE_MODULES = YES;
				CLANG_ENABLE_OBJC_ARC = YES;
				CLANG_WARN_BOOL_CONVERSION = YES;
				CLANG_WARN_CONSTANT_CONVERSION = YES;
				CLANG_WARN_DIRECT_OBJC_ISA_USAGE = YES_ERROR;
				CLANG_WARN_EMPTY_BODY = YES;
				CLANG_WARN_ENUM_CONVERSION = YES;
				CLANG_WARN_INT_CONVERSION = YES;
				CLANG_WARN_OBJC_ROOT_CLASS = YES_ERROR;
				CLANG_WARN_UNREACHABLE_CODE = YES;
				CLANG_WARN__DUPLICATE_METHOD_MATCH = YES;
				"CODE_SIGN_IDENTITY[sdk=iphoneos*]" = "iPhone Developer";
				COPY_PHASE_STRIP = NO;
				DEBUG_INFORMATION_FORMAT = dwarf;
				ENABLE_STRICT_OBJC_MSGSEND = YES;
				ENABLE_TESTABILITY = YES;
				GCC_C_LANGUAGE_STANDARD = gnu99;
				GCC_DYNAMIC_NO_PIC = NO;
				GCC_NO_COMMON_BLOCKS = YES;
				GCC_OPTIMIZATION_LEVEL = 0;
				GCC_PREPROCESSOR_DEFINITIONS = (
					"DEBUG=1",
					"$(inherited)",
				);
				GCC_WARN_64_TO_32_BIT_CONVERSION = YES;
				GCC_WARN_ABOUT_RETURN_TYPE = YES_ERROR;
				GCC_WARN_UNDECLARED_SELECTOR = YES;
				GCC_WARN_UNINITIALIZED_AUTOS = YES_AGGRESSIVE;
				GCC_WARN_UNUSED_FUNCTION = YES;
				GCC_WARN_UNUSED_VARIABLE = YES;
				IPHONEOS_DEPLOYMENT_TARGET = 9.0;
				MTL_ENABLE_DEBUG_INFO = YES;
				ONLY_ACTIVE_ARCH = YES;
				SDKROOT = iphoneos;
				SWIFT_OPTIMIZATION_LEVEL = "-Onone";
				TARGETED_DEVICE_FAMILY = "1,2";
			};
			name = Debug;
		};
		4CC0F2801CEE16B000683FB0 /* Release */ = {
			isa = XCBuildConfiguration;
			buildSettings = {
				ALWAYS_SEARCH_USER_PATHS = NO;
				CLANG_ANALYZER_NONNULL = YES;
				CLANG_CXX_LANGUAGE_STANDARD = "gnu++0x";
				CLANG_CXX_LIBRARY = "libc++";
				CLANG_ENABLE_MODULES = YES;
				CLANG_ENABLE_OBJC_ARC = YES;
				CLANG_WARN_BOOL_CONVERSION = YES;
				CLANG_WARN_CONSTANT_CONVERSION = YES;
				CLANG_WARN_DIRECT_OBJC_ISA_USAGE = YES_ERROR;
				CLANG_WARN_EMPTY_BODY = YES;
				CLANG_WARN_ENUM_CONVERSION = YES;
				CLANG_WARN_INT_CONVERSION = YES;
				CLANG_WARN_OBJC_ROOT_CLASS = YES_ERROR;
				CLANG_WARN_UNREACHABLE_CODE = YES;
				CLANG_WARN__DUPLICATE_METHOD_MATCH = YES;
				"CODE_SIGN_IDENTITY[sdk=iphoneos*]" = "iPhone Developer";
				COPY_PHASE_STRIP = NO;
				DEBUG_INFORMATION_FORMAT = "dwarf-with-dsym";
				ENABLE_NS_ASSERTIONS = NO;
				ENABLE_STRICT_OBJC_MSGSEND = YES;
				GCC_C_LANGUAGE_STANDARD = gnu99;
				GCC_NO_COMMON_BLOCKS = YES;
				GCC_WARN_64_TO_32_BIT_CONVERSION = YES;
				GCC_WARN_ABOUT_RETURN_TYPE = YES_ERROR;
				GCC_WARN_UNDECLARED_SELECTOR = YES;
				GCC_WARN_UNINITIALIZED_AUTOS = YES_AGGRESSIVE;
				GCC_WARN_UNUSED_FUNCTION = YES;
				GCC_WARN_UNUSED_VARIABLE = YES;
				IPHONEOS_DEPLOYMENT_TARGET = 9.0;
				MTL_ENABLE_DEBUG_INFO = NO;
				SDKROOT = iphoneos;
				TARGETED_DEVICE_FAMILY = "1,2";
				VALIDATE_PRODUCT = YES;
			};
			name = Release;
		};
		4CC0F2821CEE16B000683FB0 /* Debug */ = {
			isa = XCBuildConfiguration;
			baseConfigurationReference = 50BA580E60E8905BC7FC22A9 /* Pods-Tek Talk.debug.xcconfig */;
			buildSettings = {
				ASSETCATALOG_COMPILER_APPICON_NAME = AppIcon;
				CODE_SIGN_IDENTITY = "iPhone Developer";
				INFOPLIST_FILE = "Tek Talk/Info.plist";
				IPHONEOS_DEPLOYMENT_TARGET = 9.0;
				LD_RUNPATH_SEARCH_PATHS = "$(inherited) @executable_path/Frameworks";
				PRODUCT_BUNDLE_IDENTIFIER = "zyncas.Tek-Talk";
				PRODUCT_NAME = "$(TARGET_NAME)";
				TARGETED_DEVICE_FAMILY = 1;
			};
			name = Debug;
		};
		4CC0F2831CEE16B000683FB0 /* Release */ = {
			isa = XCBuildConfiguration;
			baseConfigurationReference = 4F6686D7FA441C37C0579023 /* Pods-Tek Talk.release.xcconfig */;
			buildSettings = {
				ASSETCATALOG_COMPILER_APPICON_NAME = AppIcon;
				CODE_SIGN_IDENTITY = "iPhone Developer";
				INFOPLIST_FILE = "Tek Talk/Info.plist";
				IPHONEOS_DEPLOYMENT_TARGET = 9.0;
				LD_RUNPATH_SEARCH_PATHS = "$(inherited) @executable_path/Frameworks";
				PRODUCT_BUNDLE_IDENTIFIER = "zyncas.Tek-Talk";
				PRODUCT_NAME = "$(TARGET_NAME)";
				TARGETED_DEVICE_FAMILY = 1;
			};
			name = Release;
		};
		BA77B4111CEEF3E200BDD619 /* Debug */ = {
			isa = XCBuildConfiguration;
			baseConfigurationReference = F98B03237F1BEDB410EEDDB6 /* Pods-Tek TalkTests.debug.xcconfig */;
			buildSettings = {
				BUNDLE_LOADER = "$(TEST_HOST)";
				INFOPLIST_FILE = "Tek TalkTests/Info.plist";
				LD_RUNPATH_SEARCH_PATHS = "$(inherited) @executable_path/Frameworks @loader_path/Frameworks";
				PRODUCT_BUNDLE_IDENTIFIER = "com.fe.Tek-TalkTests";
				PRODUCT_NAME = "$(TARGET_NAME)";
				TEST_HOST = "$(BUILT_PRODUCTS_DIR)/Tek Talk.app/Tek Talk";
			};
			name = Debug;
		};
		BA77B4121CEEF3E200BDD619 /* Release */ = {
			isa = XCBuildConfiguration;
			baseConfigurationReference = 653471777C857C4F85B4F88F /* Pods-Tek TalkTests.release.xcconfig */;
			buildSettings = {
				BUNDLE_LOADER = "$(TEST_HOST)";
				INFOPLIST_FILE = "Tek TalkTests/Info.plist";
				LD_RUNPATH_SEARCH_PATHS = "$(inherited) @executable_path/Frameworks @loader_path/Frameworks";
				PRODUCT_BUNDLE_IDENTIFIER = "com.fe.Tek-TalkTests";
				PRODUCT_NAME = "$(TARGET_NAME)";
				TEST_HOST = "$(BUILT_PRODUCTS_DIR)/Tek Talk.app/Tek Talk";
			};
			name = Release;
		};
/* End XCBuildConfiguration section */

/* Begin XCConfigurationList section */
		4CC0F26A1CEE16B000683FB0 /* Build configuration list for PBXProject "Tek Talk" */ = {
			isa = XCConfigurationList;
			buildConfigurations = (
				4CC0F27F1CEE16B000683FB0 /* Debug */,
				4CC0F2801CEE16B000683FB0 /* Release */,
			);
			defaultConfigurationIsVisible = 0;
			defaultConfigurationName = Release;
		};
		4CC0F2811CEE16B000683FB0 /* Build configuration list for PBXNativeTarget "Tek Talk" */ = {
			isa = XCConfigurationList;
			buildConfigurations = (
				4CC0F2821CEE16B000683FB0 /* Debug */,
				4CC0F2831CEE16B000683FB0 /* Release */,
			);
			defaultConfigurationIsVisible = 0;
			defaultConfigurationName = Release;
		};
		BA77B4101CEEF3E200BDD619 /* Build configuration list for PBXNativeTarget "Tek TalkTests" */ = {
			isa = XCConfigurationList;
			buildConfigurations = (
				BA77B4111CEEF3E200BDD619 /* Debug */,
				BA77B4121CEEF3E200BDD619 /* Release */,
			);
			defaultConfigurationIsVisible = 0;
			defaultConfigurationName = Release;
		};
/* End XCConfigurationList section */
	};
	rootObject = 4CC0F2671CEE16B000683FB0 /* Project object */;
}
